
Microsoft Visual Studio Solution File, Format Version 12.00
# Visual Studio 2013
VisualStudioVersion = 12.0.21005.1
MinimumVisualStudioVersion = 10.0.40219.1
Project("{F184B08F-C81C-45F6-A57F-5ABD9991F28F}") = "mesadeayudamvnet", "mesadeayudamvnet\mesadeayudamvnet.vbproj", "{DE7C0238-E44D-4005-B4C7-8E66CDB3D872}"
EndProject
Project("{FAE04EC0-301F-11D3-BF4B-00C04F79EFBC}") = "principal", "principal\principal.csproj", "{8F6685C9-5A80-4C7F-86AE-CA36307220C8}"
EndProject
Project("{FAE04EC0-301F-11D3-BF4B-00C04F79EFBC}") = "Test", "Test\Test.csproj", "{514E08EC-F510-40E7-A947-5348E2C6244B}"
EndProject
Global
	GlobalSection(SolutionConfigurationPlatforms) = preSolution
		Debug|Any CPU = Debug|Any CPU
		Release|Any CPU = Release|Any CPU
	EndGlobalSection
	GlobalSection(ProjectConfigurationPlatforms) = postSolution
		{DE7C0238-E44D-4005-B4C7-8E66CDB3D872}.Debug|Any CPU.ActiveCfg = Debug|Any CPU
		{DE7C0238-E44D-4005-B4C7-8E66CDB3D872}.Debug|Any CPU.Build.0 = Debug|Any CPU
		{DE7C0238-E44D-4005-B4C7-8E66CDB3D872}.Release|Any CPU.ActiveCfg = Release|Any CPU
		{DE7C0238-E44D-4005-B4C7-8E66CDB3D872}.Release|Any CPU.Build.0 = Release|Any CPU
		{8F6685C9-5A80-4C7F-86AE-CA36307220C8}.Debug|Any CPU.ActiveCfg = Debug|Any CPU
		{8F6685C9-5A80-4C7F-86AE-CA36307220C8}.Debug|Any CPU.Build.0 = Debug|Any CPU
		{8F6685C9-5A80-4C7F-86AE-CA36307220C8}.Release|Any CPU.ActiveCfg = Release|Any CPU
		{8F6685C9-5A80-4C7F-86AE-CA36307220C8}.Release|Any CPU.Build.0 = Release|Any CPU
		{514E08EC-F510-40E7-A947-5348E2C6244B}.Debug|Any CPU.ActiveCfg = Debug|Any CPU
		{514E08EC-F510-40E7-A947-5348E2C6244B}.Debug|Any CPU.Build.0 = Debug|Any CPU
		{514E08EC-F510-40E7-A947-5348E2C6244B}.Release|Any CPU.ActiveCfg = Release|Any CPU
		{514E08EC-F510-40E7-A947-5348E2C6244B}.Release|Any CPU.Build.0 = Release|Any CPU
	EndGlobalSection
	GlobalSection(SolutionProperties) = preSolution
		HideSolutionNode = FALSE
	EndGlobalSection
EndGlobal
